
Microsoft Visual Studio Solution File, Format Version 12.00
# Visual Studio Version 17
VisualStudioVersion = 17.7.34031.279
MinimumVisualStudioVersion = 10.0.40219.1
Project("{FAE04EC0-301F-11D3-BF4B-00C04F79EFBC}") = "28.09", "28.09.csproj", "{AD5143F7-65E4-483A-8AA7-25835D90D28E}"
EndProject
Global
	GlobalSection(SolutionConfigurationPlatforms) = preSolution
		Debug|Any CPU = Debug|Any CPU
		Release|Any CPU = Release|Any CPU
	EndGlobalSection
	GlobalSection(ProjectConfigurationPlatforms) = postSolution
		{AD5143F7-65E4-483A-8AA7-25835D90D28E}.Debug|Any CPU.ActiveCfg = Debug|Any CPU
		{AD5143F7-65E4-483A-8AA7-25835D90D28E}.Debug|Any CPU.Build.0 = Debug|Any CPU
		{AD5143F7-65E4-483A-8AA7-25835D90D28E}.Release|Any CPU.ActiveCfg = Release|Any CPU
		{AD5143F7-65E4-483A-8AA7-25835D90D28E}.Release|Any CPU.Build.0 = Release|Any CPU
	EndGlobalSection
	GlobalSection(SolutionProperties) = preSolution
		HideSolutionNode = FALSE
	EndGlobalSection
	GlobalSection(ExtensibilityGlobals) = postSolution
		SolutionGuid = {E318EBD4-46F0-4402-BAAF-720DC8214D38}
	EndGlobalSection
EndGlobal
